
Microsoft Visual Studio Solution File, Format Version 12.00
# Visual Studio Version 17
VisualStudioVersion = 17.0.31903.59
MinimumVisualStudioVersion = 10.0.40219.1
Project("{2150E333-8FDC-42A3-9474-1A3956D46DE8}") = "src", "src", "{827E0CD3-B72D-47B6-A68D-7590B98EB39B}"
EndProject
Project("{FAE04EC0-301F-11D3-BF4B-00C04F79EFBC}") = "FrankenTui.Core", "src\FrankenTui.Core\FrankenTui.Core.csproj", "{3FBFEAC9-8B24-4B4B-BFEA-4F6844BF19B2}"
EndProject
Project("{FAE04EC0-301F-11D3-BF4B-00C04F79EFBC}") = "FrankenTui.Backend", "src\FrankenTui.Backend\FrankenTui.Backend.csproj", "{97BC5FB6-C206-4806-9B16-035CC8AAF1C0}"
EndProject
Project("{FAE04EC0-301F-11D3-BF4B-00C04F79EFBC}") = "FrankenTui.Render", "src\FrankenTui.Render\FrankenTui.Render.csproj", "{A0AF3DF7-BFD4-4419-84E5-E81533B40E7A}"
EndProject
Project("{FAE04EC0-301F-11D3-BF4B-00C04F79EFBC}") = "FrankenTui.Tty", "src\FrankenTui.Tty\FrankenTui.Tty.csproj", "{CF01CF11-72B9-49AF-BA92-0A38E5FBAF0A}"
EndProject
Project("{FAE04EC0-301F-11D3-BF4B-00C04F79EFBC}") = "FrankenTui.Style", "src\FrankenTui.Style\FrankenTui.Style.csproj", "{A354CB3F-615C-400F-9DBB-0B46CF0B2457}"
EndProject
Project("{FAE04EC0-301F-11D3-BF4B-00C04F79EFBC}") = "FrankenTui.Layout", "src\FrankenTui.Layout\FrankenTui.Layout.csproj", "{C9C34F9F-D961-4DF6-8E42-DE176CD735C0}"
EndProject
Project("{FAE04EC0-301F-11D3-BF4B-00C04F79EFBC}") = "FrankenTui.Text", "src\FrankenTui.Text\FrankenTui.Text.csproj", "{BFBFBBE9-D57A-4E26-96C0-9C1B48409669}"
EndProject
Project("{FAE04EC0-301F-11D3-BF4B-00C04F79EFBC}") = "FrankenTui.Runtime", "src\FrankenTui.Runtime\FrankenTui.Runtime.csproj", "{28BA8542-25E9-4D71-96B5-B747AED8C352}"
EndProject
Project("{FAE04EC0-301F-11D3-BF4B-00C04F79EFBC}") = "FrankenTui.I18n", "src\FrankenTui.I18n\FrankenTui.I18n.csproj", "{53410CC8-EF2E-402B-A006-7066E9900C83}"
EndProject
Project("{FAE04EC0-301F-11D3-BF4B-00C04F79EFBC}") = "FrankenTui.Widgets", "src\FrankenTui.Widgets\FrankenTui.Widgets.csproj", "{7EFE459E-9323-490F-A5F1-5F1A72506515}"
EndProject
Project("{FAE04EC0-301F-11D3-BF4B-00C04F79EFBC}") = "FrankenTui.A11y", "src\FrankenTui.A11y\FrankenTui.A11y.csproj", "{A30B6240-015D-415C-8540-D05731F3DF1B}"
EndProject
Project("{FAE04EC0-301F-11D3-BF4B-00C04F79EFBC}") = "FrankenTui.Extras", "src\FrankenTui.Extras\FrankenTui.Extras.csproj", "{F394261F-1337-41B4-BB57-408471BF37CC}"
EndProject
Project("{FAE04EC0-301F-11D3-BF4B-00C04F79EFBC}") = "FrankenTui.Simd", "src\FrankenTui.Simd\FrankenTui.Simd.csproj", "{44F626AF-FA53-42FD-8E96-722872321DAF}"
EndProject
Project("{FAE04EC0-301F-11D3-BF4B-00C04F79EFBC}") = "FrankenTui.Web", "src\FrankenTui.Web\FrankenTui.Web.csproj", "{B492BBDF-61BB-4D3C-BC55-E2515F26713C}"
EndProject
Project("{FAE04EC0-301F-11D3-BF4B-00C04F79EFBC}") = "FrankenTui", "src\FrankenTui\FrankenTui.csproj", "{59FAA4C2-0787-4067-9946-61D22202DCCD}"
EndProject
Project("{FAE04EC0-301F-11D3-BF4B-00C04F79EFBC}") = "FrankenTui.Testing.Harness", "src\FrankenTui.Testing.Harness\FrankenTui.Testing.Harness.csproj", "{39EABD0C-0CFB-43F1-8932-58476491C34C}"
EndProject
Project("{FAE04EC0-301F-11D3-BF4B-00C04F79EFBC}") = "FrankenTui.Testing.Pty", "src\FrankenTui.Testing.Pty\FrankenTui.Testing.Pty.csproj", "{786CC366-8CB4-4C81-8D00-A3195F84E868}"
EndProject
Project("{2150E333-8FDC-42A3-9474-1A3956D46DE8}") = "tests", "tests", "{0AB3BF05-4346-4AA6-1389-037BE0695223}"
EndProject
Project("{FAE04EC0-301F-11D3-BF4B-00C04F79EFBC}") = "FrankenTui.Tests.Headless", "tests\FrankenTui.Tests.Headless\FrankenTui.Tests.Headless.csproj", "{AD167C6C-A23E-4BAD-9767-0BC328BCA495}"
EndProject
Project("{FAE04EC0-301F-11D3-BF4B-00C04F79EFBC}") = "FrankenTui.Tests.Pty", "tests\FrankenTui.Tests.Pty\FrankenTui.Tests.Pty.csproj", "{E03A87D0-1B09-497E-801F-128DFD60E4E8}"
EndProject
Project("{FAE04EC0-301F-11D3-BF4B-00C04F79EFBC}") = "FrankenTui.Tests.Web", "tests\FrankenTui.Tests.Web\FrankenTui.Tests.Web.csproj", "{8180B6C8-84AE-4F9F-AA9E-09F1E0C952D1}"
EndProject
Project("{FAE04EC0-301F-11D3-BF4B-00C04F79EFBC}") = "FrankenTui.Showcase.Wasm", "apps\FrankenTui.Showcase.Wasm\FrankenTui.Showcase.Wasm.csproj", "{6C086E8E-E53A-4905-99A6-6E4C5D7B77D9}"
EndProject
Project("{FAE04EC0-301F-11D3-BF4B-00C04F79EFBC}") = "FrankenTui.Demo.Showcase", "apps\FrankenTui.Demo.Showcase\FrankenTui.Demo.Showcase.csproj", "{2A925D9B-F435-430E-90B3-98D0FA0BD8D8}"
EndProject
Project("{2150E333-8FDC-42A3-9474-1A3956D46DE8}") = "tools", "tools", "{07C2787E-EAC7-C090-1BA3-A61EC2A24D84}"
EndProject
Project("{FAE04EC0-301F-11D3-BF4B-00C04F79EFBC}") = "FrankenTui.Doctor", "tools\FrankenTui.Doctor\FrankenTui.Doctor.csproj", "{28EE2973-2DF1-4302-B66C-28CA7439BCED}"
EndProject
Project("{2150E333-8FDC-42A3-9474-1A3956D46DE8}") = "apps", "apps", "{1787FE1D-075E-9E68-7218-25F1BD1BBEAB}"
EndProject
Global
	GlobalSection(SolutionConfigurationPlatforms) = preSolution
		Debug|Any CPU = Debug|Any CPU
		Debug|x64 = Debug|x64
		Debug|x86 = Debug|x86
		Release|Any CPU = Release|Any CPU
		Release|x64 = Release|x64
		Release|x86 = Release|x86
	EndGlobalSection
	GlobalSection(ProjectConfigurationPlatforms) = postSolution
		{3FBFEAC9-8B24-4B4B-BFEA-4F6844BF19B2}.Debug|Any CPU.ActiveCfg = Debug|Any CPU
		{3FBFEAC9-8B24-4B4B-BFEA-4F6844BF19B2}.Debug|Any CPU.Build.0 = Debug|Any CPU
		{3FBFEAC9-8B24-4B4B-BFEA-4F6844BF19B2}.Debug|x64.ActiveCfg = Debug|Any CPU
		{3FBFEAC9-8B24-4B4B-BFEA-4F6844BF19B2}.Debug|x64.Build.0 = Debug|Any CPU
		{3FBFEAC9-8B24-4B4B-BFEA-4F6844BF19B2}.Debug|x86.ActiveCfg = Debug|Any CPU
		{3FBFEAC9-8B24-4B4B-BFEA-4F6844BF19B2}.Debug|x86.Build.0 = Debug|Any CPU
		{3FBFEAC9-8B24-4B4B-BFEA-4F6844BF19B2}.Release|Any CPU.ActiveCfg = Release|Any CPU
		{3FBFEAC9-8B24-4B4B-BFEA-4F6844BF19B2}.Release|Any CPU.Build.0 = Release|Any CPU
		{3FBFEAC9-8B24-4B4B-BFEA-4F6844BF19B2}.Release|x64.ActiveCfg = Release|Any CPU
		{3FBFEAC9-8B24-4B4B-BFEA-4F6844BF19B2}.Release|x64.Build.0 = Release|Any CPU
		{3FBFEAC9-8B24-4B4B-BFEA-4F6844BF19B2}.Release|x86.ActiveCfg = Release|Any CPU
		{3FBFEAC9-8B24-4B4B-BFEA-4F6844BF19B2}.Release|x86.Build.0 = Release|Any CPU
		{97BC5FB6-C206-4806-9B16-035CC8AAF1C0}.Debug|Any CPU.ActiveCfg = Debug|Any CPU
		{97BC5FB6-C206-4806-9B16-035CC8AAF1C0}.Debug|Any CPU.Build.0 = Debug|Any CPU
		{97BC5FB6-C206-4806-9B16-035CC8AAF1C0}.Debug|x64.ActiveCfg = Debug|Any CPU
		{97BC5FB6-C206-4806-9B16-035CC8AAF1C0}.Debug|x64.Build.0 = Debug|Any CPU
		{97BC5FB6-C206-4806-9B16-035CC8AAF1C0}.Debug|x86.ActiveCfg = Debug|Any CPU
		{97BC5FB6-C206-4806-9B16-035CC8AAF1C0}.Debug|x86.Build.0 = Debug|Any CPU
		{97BC5FB6-C206-4806-9B16-035CC8AAF1C0}.Release|Any CPU.ActiveCfg = Release|Any CPU
		{97BC5FB6-C206-4806-9B16-035CC8AAF1C0}.Release|Any CPU.Build.0 = Release|Any CPU
		{97BC5FB6-C206-4806-9B16-035CC8AAF1C0}.Release|x64.ActiveCfg = Release|Any CPU
		{97BC5FB6-C206-4806-9B16-035CC8AAF1C0}.Release|x64.Build.0 = Release|Any CPU
		{97BC5FB6-C206-4806-9B16-035CC8AAF1C0}.Release|x86.ActiveCfg = Release|Any CPU
		{97BC5FB6-C206-4806-9B16-035CC8AAF1C0}.Release|x86.Build.0 = Release|Any CPU
		{A0AF3DF7-BFD4-4419-84E5-E81533B40E7A}.Debug|Any CPU.ActiveCfg = Debug|Any CPU
		{A0AF3DF7-BFD4-4419-84E5-E81533B40E7A}.Debug|Any CPU.Build.0 = Debug|Any CPU
		{A0AF3DF7-BFD4-4419-84E5-E81533B40E7A}.Debug|x64.ActiveCfg = Debug|Any CPU
		{A0AF3DF7-BFD4-4419-84E5-E81533B40E7A}.Debug|x64.Build.0 = Debug|Any CPU
		{A0AF3DF7-BFD4-4419-84E5-E81533B40E7A}.Debug|x86.ActiveCfg = Debug|Any CPU
		{A0AF3DF7-BFD4-4419-84E5-E81533B40E7A}.Debug|x86.Build.0 = Debug|Any CPU
		{A0AF3DF7-BFD4-4419-84E5-E81533B40E7A}.Release|Any CPU.ActiveCfg = Release|Any CPU
		{A0AF3DF7-BFD4-4419-84E5-E81533B40E7A}.Release|Any CPU.Build.0 = Release|Any CPU
		{A0AF3DF7-BFD4-4419-84E5-E81533B40E7A}.Release|x64.ActiveCfg = Release|Any CPU
		{A0AF3DF7-BFD4-4419-84E5-E81533B40E7A}.Release|x64.Build.0 = Release|Any CPU
		{A0AF3DF7-BFD4-4419-84E5-E81533B40E7A}.Release|x86.ActiveCfg = Release|Any CPU
		{A0AF3DF7-BFD4-4419-84E5-E81533B40E7A}.Release|x86.Build.0 = Release|Any CPU
		{CF01CF11-72B9-49AF-BA92-0A38E5FBAF0A}.Debug|Any CPU.ActiveCfg = Debug|Any CPU
		{CF01CF11-72B9-49AF-BA92-0A38E5FBAF0A}.Debug|Any CPU.Build.0 = Debug|Any CPU
		{CF01CF11-72B9-49AF-BA92-0A38E5FBAF0A}.Debug|x64.ActiveCfg = Debug|Any CPU
		{CF01CF11-72B9-49AF-BA92-0A38E5FBAF0A}.Debug|x64.Build.0 = Debug|Any CPU
		{CF01CF11-72B9-49AF-BA92-0A38E5FBAF0A}.Debug|x86.ActiveCfg = Debug|Any CPU
		{CF01CF11-72B9-49AF-BA92-0A38E5FBAF0A}.Debug|x86.Build.0 = Debug|Any CPU
		{CF01CF11-72B9-49AF-BA92-0A38E5FBAF0A}.Release|Any CPU.ActiveCfg = Release|Any CPU
		{CF01CF11-72B9-49AF-BA92-0A38E5FBAF0A}.Release|Any CPU.Build.0 = Release|Any CPU
		{CF01CF11-72B9-49AF-BA92-0A38E5FBAF0A}.Release|x64.ActiveCfg = Release|Any CPU
		{CF01CF11-72B9-49AF-BA92-0A38E5FBAF0A}.Release|x64.Build.0 = Release|Any CPU
		{CF01CF11-72B9-49AF-BA92-0A38E5FBAF0A}.Release|x86.ActiveCfg = Release|Any CPU
		{CF01CF11-72B9-49AF-BA92-0A38E5FBAF0A}.Release|x86.Build.0 = Release|Any CPU
		{A354CB3F-615C-400F-9DBB-0B46CF0B2457}.Debug|Any CPU.ActiveCfg = Debug|Any CPU
		{A354CB3F-615C-400F-9DBB-0B46CF0B2457}.Debug|Any CPU.Build.0 = Debug|Any CPU
		{A354CB3F-615C-400F-9DBB-0B46CF0B2457}.Debug|x64.ActiveCfg = Debug|Any CPU
		{A354CB3F-615C-400F-9DBB-0B46CF0B2457}.Debug|x64.Build.0 = Debug|Any CPU
		{A354CB3F-615C-400F-9DBB-0B46CF0B2457}.Debug|x86.ActiveCfg = Debug|Any CPU
		{A354CB3F-615C-400F-9DBB-0B46CF0B2457}.Debug|x86.Build.0 = Debug|Any CPU
		{A354CB3F-615C-400F-9DBB-0B46CF0B2457}.Release|Any CPU.ActiveCfg = Release|Any CPU
		{A354CB3F-615C-400F-9DBB-0B46CF0B2457}.Release|Any CPU.Build.0 = Release|Any CPU
		{A354CB3F-615C-400F-9DBB-0B46CF0B2457}.Release|x64.ActiveCfg = Release|Any CPU
		{A354CB3F-615C-400F-9DBB-0B46CF0B2457}.Release|x64.Build.0 = Release|Any CPU
		{A354CB3F-615C-400F-9DBB-0B46CF0B2457}.Release|x86.ActiveCfg = Release|Any CPU
		{A354CB3F-615C-400F-9DBB-0B46CF0B2457}.Release|x86.Build.0 = Release|Any CPU
		{C9C34F9F-D961-4DF6-8E42-DE176CD735C0}.Debug|Any CPU.ActiveCfg = Debug|Any CPU
		{C9C34F9F-D961-4DF6-8E42-DE176CD735C0}.Debug|Any CPU.Build.0 = Debug|Any CPU
		{C9C34F9F-D961-4DF6-8E42-DE176CD735C0}.Debug|x64.ActiveCfg = Debug|Any CPU
		{C9C34F9F-D961-4DF6-8E42-DE176CD735C0}.Debug|x64.Build.0 = Debug|Any CPU
		{C9C34F9F-D961-4DF6-8E42-DE176CD735C0}.Debug|x86.ActiveCfg = Debug|Any CPU
		{C9C34F9F-D961-4DF6-8E42-DE176CD735C0}.Debug|x86.Build.0 = Debug|Any CPU
		{C9C34F9F-D961-4DF6-8E42-DE176CD735C0}.Release|Any CPU.ActiveCfg = Release|Any CPU
		{C9C34F9F-D961-4DF6-8E42-DE176CD735C0}.Release|Any CPU.Build.0 = Release|Any CPU
		{C9C34F9F-D961-4DF6-8E42-DE176CD735C0}.Release|x64.ActiveCfg = Release|Any CPU
		{C9C34F9F-D961-4DF6-8E42-DE176CD735C0}.Release|x64.Build.0 = Release|Any CPU
		{C9C34F9F-D961-4DF6-8E42-DE176CD735C0}.Release|x86.ActiveCfg = Release|Any CPU
		{C9C34F9F-D961-4DF6-8E42-DE176CD735C0}.Release|x86.Build.0 = Release|Any CPU
		{BFBFBBE9-D57A-4E26-96C0-9C1B48409669}.Debug|Any CPU.ActiveCfg = Debug|Any CPU
		{BFBFBBE9-D57A-4E26-96C0-9C1B48409669}.Debug|Any CPU.Build.0 = Debug|Any CPU
		{BFBFBBE9-D57A-4E26-96C0-9C1B48409669}.Debug|x64.ActiveCfg = Debug|Any CPU
		{BFBFBBE9-D57A-4E26-96C0-9C1B48409669}.Debug|x64.Build.0 = Debug|Any CPU
		{BFBFBBE9-D57A-4E26-96C0-9C1B48409669}.Debug|x86.ActiveCfg = Debug|Any CPU
		{BFBFBBE9-D57A-4E26-96C0-9C1B48409669}.Debug|x86.Build.0 = Debug|Any CPU
		{BFBFBBE9-D57A-4E26-96C0-9C1B48409669}.Release|Any CPU.ActiveCfg = Release|Any CPU
		{BFBFBBE9-D57A-4E26-96C0-9C1B48409669}.Release|Any CPU.Build.0 = Release|Any CPU
		{BFBFBBE9-D57A-4E26-96C0-9C1B48409669}.Release|x64.ActiveCfg = Release|Any CPU
		{BFBFBBE9-D57A-4E26-96C0-9C1B48409669}.Release|x64.Build.0 = Release|Any CPU
		{BFBFBBE9-D57A-4E26-96C0-9C1B48409669}.Release|x86.ActiveCfg = Release|Any CPU
		{BFBFBBE9-D57A-4E26-96C0-9C1B48409669}.Release|x86.Build.0 = Release|Any CPU
		{28BA8542-25E9-4D71-96B5-B747AED8C352}.Debug|Any CPU.ActiveCfg = Debug|Any CPU
		{28BA8542-25E9-4D71-96B5-B747AED8C352}.Debug|Any CPU.Build.0 = Debug|Any CPU
		{28BA8542-25E9-4D71-96B5-B747AED8C352}.Debug|x64.ActiveCfg = Debug|Any CPU
		{28BA8542-25E9-4D71-96B5-B747AED8C352}.Debug|x64.Build.0 = Debug|Any CPU
		{28BA8542-25E9-4D71-96B5-B747AED8C352}.Debug|x86.ActiveCfg = Debug|Any CPU
		{28BA8542-25E9-4D71-96B5-B747AED8C352}.Debug|x86.Build.0 = Debug|Any CPU
		{28BA8542-25E9-4D71-96B5-B747AED8C352}.Release|Any CPU.ActiveCfg = Release|Any CPU
		{28BA8542-25E9-4D71-96B5-B747AED8C352}.Release|Any CPU.Build.0 = Release|Any CPU
		{28BA8542-25E9-4D71-96B5-B747AED8C352}.Release|x64.ActiveCfg = Release|Any CPU
		{28BA8542-25E9-4D71-96B5-B747AED8C352}.Release|x64.Build.0 = Release|Any CPU
		{28BA8542-25E9-4D71-96B5-B747AED8C352}.Release|x86.ActiveCfg = Release|Any CPU
		{28BA8542-25E9-4D71-96B5-B747AED8C352}.Release|x86.Build.0 = Release|Any CPU
		{53410CC8-EF2E-402B-A006-7066E9900C83}.Debug|Any CPU.ActiveCfg = Debug|Any CPU
		{53410CC8-EF2E-402B-A006-7066E9900C83}.Debug|Any CPU.Build.0 = Debug|Any CPU
		{53410CC8-EF2E-402B-A006-7066E9900C83}.Debug|x64.ActiveCfg = Debug|Any CPU
		{53410CC8-EF2E-402B-A006-7066E9900C83}.Debug|x64.Build.0 = Debug|Any CPU
		{53410CC8-EF2E-402B-A006-7066E9900C83}.Debug|x86.ActiveCfg = Debug|Any CPU
		{53410CC8-EF2E-402B-A006-7066E9900C83}.Debug|x86.Build.0 = Debug|Any CPU
		{53410CC8-EF2E-402B-A006-7066E9900C83}.Release|Any CPU.ActiveCfg = Release|Any CPU
		{53410CC8-EF2E-402B-A006-7066E9900C83}.Release|Any CPU.Build.0 = Release|Any CPU
		{53410CC8-EF2E-402B-A006-7066E9900C83}.Release|x64.ActiveCfg = Release|Any CPU
		{53410CC8-EF2E-402B-A006-7066E9900C83}.Release|x64.Build.0 = Release|Any CPU
		{53410CC8-EF2E-402B-A006-7066E9900C83}.Release|x86.ActiveCfg = Release|Any CPU
		{53410CC8-EF2E-402B-A006-7066E9900C83}.Release|x86.Build.0 = Release|Any CPU
		{7EFE459E-9323-490F-A5F1-5F1A72506515}.Debug|Any CPU.ActiveCfg = Debug|Any CPU
		{7EFE459E-9323-490F-A5F1-5F1A72506515}.Debug|Any CPU.Build.0 = Debug|Any CPU
		{7EFE459E-9323-490F-A5F1-5F1A72506515}.Debug|x64.ActiveCfg = Debug|Any CPU
		{7EFE459E-9323-490F-A5F1-5F1A72506515}.Debug|x64.Build.0 = Debug|Any CPU
		{7EFE459E-9323-490F-A5F1-5F1A72506515}.Debug|x86.ActiveCfg = Debug|Any CPU
		{7EFE459E-9323-490F-A5F1-5F1A72506515}.Debug|x86.Build.0 = Debug|Any CPU
		{7EFE459E-9323-490F-A5F1-5F1A72506515}.Release|Any CPU.ActiveCfg = Release|Any CPU
		{7EFE459E-9323-490F-A5F1-5F1A72506515}.Release|Any CPU.Build.0 = Release|Any CPU
		{7EFE459E-9323-490F-A5F1-5F1A72506515}.Release|x64.ActiveCfg = Release|Any CPU
		{7EFE459E-9323-490F-A5F1-5F1A72506515}.Release|x64.Build.0 = Release|Any CPU
		{7EFE459E-9323-490F-A5F1-5F1A72506515}.Release|x86.ActiveCfg = Release|Any CPU
		{7EFE459E-9323-490F-A5F1-5F1A72506515}.Release|x86.Build.0 = Release|Any CPU
		{A30B6240-015D-415C-8540-D05731F3DF1B}.Debug|Any CPU.ActiveCfg = Debug|Any CPU
		{A30B6240-015D-415C-8540-D05731F3DF1B}.Debug|Any CPU.Build.0 = Debug|Any CPU
		{A30B6240-015D-415C-8540-D05731F3DF1B}.Debug|x64.ActiveCfg = Debug|Any CPU
		{A30B6240-015D-415C-8540-D05731F3DF1B}.Debug|x64.Build.0 = Debug|Any CPU
		{A30B6240-015D-415C-8540-D05731F3DF1B}.Debug|x86.ActiveCfg = Debug|Any CPU
		{A30B6240-015D-415C-8540-D05731F3DF1B}.Debug|x86.Build.0 = Debug|Any CPU
		{A30B6240-015D-415C-8540-D05731F3DF1B}.Release|Any CPU.ActiveCfg = Release|Any CPU
		{A30B6240-015D-415C-8540-D05731F3DF1B}.Release|Any CPU.Build.0 = Release|Any CPU
		{A30B6240-015D-415C-8540-D05731F3DF1B}.Release|x64.ActiveCfg = Release|Any CPU
		{A30B6240-015D-415C-8540-D05731F3DF1B}.Release|x64.Build.0 = Release|Any CPU
		{A30B6240-015D-415C-8540-D05731F3DF1B}.Release|x86.ActiveCfg = Release|Any CPU
		{A30B6240-015D-415C-8540-D05731F3DF1B}.Release|x86.Build.0 = Release|Any CPU
		{F394261F-1337-41B4-BB57-408471BF37CC}.Debug|Any CPU.ActiveCfg = Debug|Any CPU
		{F394261F-1337-41B4-BB57-408471BF37CC}.Debug|Any CPU.Build.0 = Debug|Any CPU
		{F394261F-1337-41B4-BB57-408471BF37CC}.Debug|x64.ActiveCfg = Debug|Any CPU
		{F394261F-1337-41B4-BB57-408471BF37CC}.Debug|x64.Build.0 = Debug|Any CPU
		{F394261F-1337-41B4-BB57-408471BF37CC}.Debug|x86.ActiveCfg = Debug|Any CPU
		{F394261F-1337-41B4-BB57-408471BF37CC}.Debug|x86.Build.0 = Debug|Any CPU
		{F394261F-1337-41B4-BB57-408471BF37CC}.Release|Any CPU.ActiveCfg = Release|Any CPU
		{F394261F-1337-41B4-BB57-408471BF37CC}.Release|Any CPU.Build.0 = Release|Any CPU
		{F394261F-1337-41B4-BB57-408471BF37CC}.Release|x64.ActiveCfg = Release|Any CPU
		{F394261F-1337-41B4-BB57-408471BF37CC}.Release|x64.Build.0 = Release|Any CPU
		{F394261F-1337-41B4-BB57-408471BF37CC}.Release|x86.ActiveCfg = Release|Any CPU
		{F394261F-1337-41B4-BB57-408471BF37CC}.Release|x86.Build.0 = Release|Any CPU
		{44F626AF-FA53-42FD-8E96-722872321DAF}.Debug|Any CPU.ActiveCfg = Debug|Any CPU
		{44F626AF-FA53-42FD-8E96-722872321DAF}.Debug|Any CPU.Build.0 = Debug|Any CPU
		{44F626AF-FA53-42FD-8E96-722872321DAF}.Debug|x64.ActiveCfg = Debug|Any CPU
		{44F626AF-FA53-42FD-8E96-722872321DAF}.Debug|x64.Build.0 = Debug|Any CPU
		{44F626AF-FA53-42FD-8E96-722872321DAF}.Debug|x86.ActiveCfg = Debug|Any CPU
		{44F626AF-FA53-42FD-8E96-722872321DAF}.Debug|x86.Build.0 = Debug|Any CPU
		{44F626AF-FA53-42FD-8E96-722872321DAF}.Release|Any CPU.ActiveCfg = Release|Any CPU
		{44F626AF-FA53-42FD-8E96-722872321DAF}.Release|Any CPU.Build.0 = Release|Any CPU
		{44F626AF-FA53-42FD-8E96-722872321DAF}.Release|x64.ActiveCfg = Release|Any CPU
		{44F626AF-FA53-42FD-8E96-722872321DAF}.Release|x64.Build.0 = Release|Any CPU
		{44F626AF-FA53-42FD-8E96-722872321DAF}.Release|x86.ActiveCfg = Release|Any CPU
		{44F626AF-FA53-42FD-8E96-722872321DAF}.Release|x86.Build.0 = Release|Any CPU
		{B492BBDF-61BB-4D3C-BC55-E2515F26713C}.Debug|Any CPU.ActiveCfg = Debug|Any CPU
		{B492BBDF-61BB-4D3C-BC55-E2515F26713C}.Debug|Any CPU.Build.0 = Debug|Any CPU
		{B492BBDF-61BB-4D3C-BC55-E2515F26713C}.Debug|x64.ActiveCfg = Debug|Any CPU
		{B492BBDF-61BB-4D3C-BC55-E2515F26713C}.Debug|x64.Build.0 = Debug|Any CPU
		{B492BBDF-61BB-4D3C-BC55-E2515F26713C}.Debug|x86.ActiveCfg = Debug|Any CPU
		{B492BBDF-61BB-4D3C-BC55-E2515F26713C}.Debug|x86.Build.0 = Debug|Any CPU
		{B492BBDF-61BB-4D3C-BC55-E2515F26713C}.Release|Any CPU.ActiveCfg = Release|Any CPU
		{B492BBDF-61BB-4D3C-BC55-E2515F26713C}.Release|Any CPU.Build.0 = Release|Any CPU
		{B492BBDF-61BB-4D3C-BC55-E2515F26713C}.Release|x64.ActiveCfg = Release|Any CPU
		{B492BBDF-61BB-4D3C-BC55-E2515F26713C}.Release|x64.Build.0 = Release|Any CPU
		{B492BBDF-61BB-4D3C-BC55-E2515F26713C}.Release|x86.ActiveCfg = Release|Any CPU
		{B492BBDF-61BB-4D3C-BC55-E2515F26713C}.Release|x86.Build.0 = Release|Any CPU
		{59FAA4C2-0787-4067-9946-61D22202DCCD}.Debug|Any CPU.ActiveCfg = Debug|Any CPU
		{59FAA4C2-0787-4067-9946-61D22202DCCD}.Debug|Any CPU.Build.0 = Debug|Any CPU
		{59FAA4C2-0787-4067-9946-61D22202DCCD}.Debug|x64.ActiveCfg = Debug|Any CPU
		{59FAA4C2-0787-4067-9946-61D22202DCCD}.Debug|x64.Build.0 = Debug|Any CPU
		{59FAA4C2-0787-4067-9946-61D22202DCCD}.Debug|x86.ActiveCfg = Debug|Any CPU
		{59FAA4C2-0787-4067-9946-61D22202DCCD}.Debug|x86.Build.0 = Debug|Any CPU
		{59FAA4C2-0787-4067-9946-61D22202DCCD}.Release|Any CPU.ActiveCfg = Release|Any CPU
		{59FAA4C2-0787-4067-9946-61D22202DCCD}.Release|Any CPU.Build.0 = Release|Any CPU
		{59FAA4C2-0787-4067-9946-61D22202DCCD}.Release|x64.ActiveCfg = Release|Any CPU
		{59FAA4C2-0787-4067-9946-61D22202DCCD}.Release|x64.Build.0 = Release|Any CPU
		{59FAA4C2-0787-4067-9946-61D22202DCCD}.Release|x86.ActiveCfg = Release|Any CPU
		{59FAA4C2-0787-4067-9946-61D22202DCCD}.Release|x86.Build.0 = Release|Any CPU
		{39EABD0C-0CFB-43F1-8932-58476491C34C}.Debug|Any CPU.ActiveCfg = Debug|Any CPU
		{39EABD0C-0CFB-43F1-8932-58476491C34C}.Debug|Any CPU.Build.0 = Debug|Any CPU
		{39EABD0C-0CFB-43F1-8932-58476491C34C}.Debug|x64.ActiveCfg = Debug|Any CPU
		{39EABD0C-0CFB-43F1-8932-58476491C34C}.Debug|x64.Build.0 = Debug|Any CPU
		{39EABD0C-0CFB-43F1-8932-58476491C34C}.Debug|x86.ActiveCfg = Debug|Any CPU
		{39EABD0C-0CFB-43F1-8932-58476491C34C}.Debug|x86.Build.0 = Debug|Any CPU
		{39EABD0C-0CFB-43F1-8932-58476491C34C}.Release|Any CPU.ActiveCfg = Release|Any CPU
		{39EABD0C-0CFB-43F1-8932-58476491C34C}.Release|Any CPU.Build.0 = Release|Any CPU
		{39EABD0C-0CFB-43F1-8932-58476491C34C}.Release|x64.ActiveCfg = Release|Any CPU
		{39EABD0C-0CFB-43F1-8932-58476491C34C}.Release|x64.Build.0 = Release|Any CPU
		{39EABD0C-0CFB-43F1-8932-58476491C34C}.Release|x86.ActiveCfg = Release|Any CPU
		{39EABD0C-0CFB-43F1-8932-58476491C34C}.Release|x86.Build.0 = Release|Any CPU
		{786CC366-8CB4-4C81-8D00-A3195F84E868}.Debug|Any CPU.ActiveCfg = Debug|Any CPU
		{786CC366-8CB4-4C81-8D00-A3195F84E868}.Debug|Any CPU.Build.0 = Debug|Any CPU
		{786CC366-8CB4-4C81-8D00-A3195F84E868}.Debug|x64.ActiveCfg = Debug|Any CPU
		{786CC366-8CB4-4C81-8D00-A3195F84E868}.Debug|x64.Build.0 = Debug|Any CPU
		{786CC366-8CB4-4C81-8D00-A3195F84E868}.Debug|x86.ActiveCfg = Debug|Any CPU
		{786CC366-8CB4-4C81-8D00-A3195F84E868}.Debug|x86.Build.0 = Debug|Any CPU
		{786CC366-8CB4-4C81-8D00-A3195F84E868}.Release|Any CPU.ActiveCfg = Release|Any CPU
		{786CC366-8CB4-4C81-8D00-A3195F84E868}.Release|Any CPU.Build.0 = Release|Any CPU
		{786CC366-8CB4-4C81-8D00-A3195F84E868}.Release|x64.ActiveCfg = Release|Any CPU
		{786CC366-8CB4-4C81-8D00-A3195F84E868}.Release|x64.Build.0 = Release|Any CPU
		{786CC366-8CB4-4C81-8D00-A3195F84E868}.Release|x86.ActiveCfg = Release|Any CPU
		{786CC366-8CB4-4C81-8D00-A3195F84E868}.Release|x86.Build.0 = Release|Any CPU
		{AD167C6C-A23E-4BAD-9767-0BC328BCA495}.Debug|Any CPU.ActiveCfg = Debug|Any CPU
		{AD167C6C-A23E-4BAD-9767-0BC328BCA495}.Debug|Any CPU.Build.0 = Debug|Any CPU
		{AD167C6C-A23E-4BAD-9767-0BC328BCA495}.Debug|x64.ActiveCfg = Debug|Any CPU
		{AD167C6C-A23E-4BAD-9767-0BC328BCA495}.Debug|x64.Build.0 = Debug|Any CPU
		{AD167C6C-A23E-4BAD-9767-0BC328BCA495}.Debug|x86.ActiveCfg = Debug|Any CPU
		{AD167C6C-A23E-4BAD-9767-0BC328BCA495}.Debug|x86.Build.0 = Debug|Any CPU
		{AD167C6C-A23E-4BAD-9767-0BC328BCA495}.Release|Any CPU.ActiveCfg = Release|Any CPU
		{AD167C6C-A23E-4BAD-9767-0BC328BCA495}.Release|Any CPU.Build.0 = Release|Any CPU
		{AD167C6C-A23E-4BAD-9767-0BC328BCA495}.Release|x64.ActiveCfg = Release|Any CPU
		{AD167C6C-A23E-4BAD-9767-0BC328BCA495}.Release|x64.Build.0 = Release|Any CPU
		{AD167C6C-A23E-4BAD-9767-0BC328BCA495}.Release|x86.ActiveCfg = Release|Any CPU
		{AD167C6C-A23E-4BAD-9767-0BC328BCA495}.Release|x86.Build.0 = Release|Any CPU
		{E03A87D0-1B09-497E-801F-128DFD60E4E8}.Debug|Any CPU.ActiveCfg = Debug|Any CPU
		{E03A87D0-1B09-497E-801F-128DFD60E4E8}.Debug|Any CPU.Build.0 = Debug|Any CPU
		{E03A87D0-1B09-497E-801F-128DFD60E4E8}.Debug|x64.ActiveCfg = Debug|Any CPU
		{E03A87D0-1B09-497E-801F-128DFD60E4E8}.Debug|x64.Build.0 = Debug|Any CPU
		{E03A87D0-1B09-497E-801F-128DFD60E4E8}.Debug|x86.ActiveCfg = Debug|Any CPU
		{E03A87D0-1B09-497E-801F-128DFD60E4E8}.Debug|x86.Build.0 = Debug|Any CPU
		{E03A87D0-1B09-497E-801F-128DFD60E4E8}.Release|Any CPU.ActiveCfg = Release|Any CPU
		{E03A87D0-1B09-497E-801F-128DFD60E4E8}.Release|Any CPU.Build.0 = Release|Any CPU
		{E03A87D0-1B09-497E-801F-128DFD60E4E8}.Release|x64.ActiveCfg = Release|Any CPU
		{E03A87D0-1B09-497E-801F-128DFD60E4E8}.Release|x64.Build.0 = Release|Any CPU
		{E03A87D0-1B09-497E-801F-128DFD60E4E8}.Release|x86.ActiveCfg = Release|Any CPU
		{E03A87D0-1B09-497E-801F-128DFD60E4E8}.Release|x86.Build.0 = Release|Any CPU
		{8180B6C8-84AE-4F9F-AA9E-09F1E0C952D1}.Debug|Any CPU.ActiveCfg = Debug|Any CPU
		{8180B6C8-84AE-4F9F-AA9E-09F1E0C952D1}.Debug|Any CPU.Build.0 = Debug|Any CPU
		{8180B6C8-84AE-4F9F-AA9E-09F1E0C952D1}.Debug|x64.ActiveCfg = Debug|Any CPU
		{8180B6C8-84AE-4F9F-AA9E-09F1E0C952D1}.Debug|x64.Build.0 = Debug|Any CPU
		{8180B6C8-84AE-4F9F-AA9E-09F1E0C952D1}.Debug|x86.ActiveCfg = Debug|Any CPU
		{8180B6C8-84AE-4F9F-AA9E-09F1E0C952D1}.Debug|x86.Build.0 = Debug|Any CPU
		{8180B6C8-84AE-4F9F-AA9E-09F1E0C952D1}.Release|Any CPU.ActiveCfg = Release|Any CPU
		{8180B6C8-84AE-4F9F-AA9E-09F1E0C952D1}.Release|Any CPU.Build.0 = Release|Any CPU
		{8180B6C8-84AE-4F9F-AA9E-09F1E0C952D1}.Release|x64.ActiveCfg = Release|Any CPU
		{8180B6C8-84AE-4F9F-AA9E-09F1E0C952D1}.Release|x64.Build.0 = Release|Any CPU
		{8180B6C8-84AE-4F9F-AA9E-09F1E0C952D1}.Release|x86.ActiveCfg = Release|Any CPU
		{8180B6C8-84AE-4F9F-AA9E-09F1E0C952D1}.Release|x86.Build.0 = Release|Any CPU
		{6C086E8E-E53A-4905-99A6-6E4C5D7B77D9}.Debug|Any CPU.ActiveCfg = Debug|Any CPU
		{6C086E8E-E53A-4905-99A6-6E4C5D7B77D9}.Debug|Any CPU.Build.0 = Debug|Any CPU
		{6C086E8E-E53A-4905-99A6-6E4C5D7B77D9}.Debug|x64.ActiveCfg = Debug|Any CPU
		{6C086E8E-E53A-4905-99A6-6E4C5D7B77D9}.Debug|x64.Build.0 = Debug|Any CPU
		{6C086E8E-E53A-4905-99A6-6E4C5D7B77D9}.Debug|x86.ActiveCfg = Debug|Any CPU
		{6C086E8E-E53A-4905-99A6-6E4C5D7B77D9}.Debug|x86.Build.0 = Debug|Any CPU
		{6C086E8E-E53A-4905-99A6-6E4C5D7B77D9}.Release|Any CPU.ActiveCfg = Release|Any CPU
		{6C086E8E-E53A-4905-99A6-6E4C5D7B77D9}.Release|Any CPU.Build.0 = Release|Any CPU
		{6C086E8E-E53A-4905-99A6-6E4C5D7B77D9}.Release|x64.ActiveCfg = Release|Any CPU
		{6C086E8E-E53A-4905-99A6-6E4C5D7B77D9}.Release|x64.Build.0 = Release|Any CPU
		{6C086E8E-E53A-4905-99A6-6E4C5D7B77D9}.Release|x86.ActiveCfg = Release|Any CPU
		{6C086E8E-E53A-4905-99A6-6E4C5D7B77D9}.Release|x86.Build.0 = Release|Any CPU
		{2A925D9B-F435-430E-90B3-98D0FA0BD8D8}.Debug|Any CPU.ActiveCfg = Debug|Any CPU
		{2A925D9B-F435-430E-90B3-98D0FA0BD8D8}.Debug|Any CPU.Build.0 = Debug|Any CPU
		{2A925D9B-F435-430E-90B3-98D0FA0BD8D8}.Debug|x64.ActiveCfg = Debug|Any CPU
		{2A925D9B-F435-430E-90B3-98D0FA0BD8D8}.Debug|x64.Build.0 = Debug|Any CPU
		{2A925D9B-F435-430E-90B3-98D0FA0BD8D8}.Debug|x86.ActiveCfg = Debug|Any CPU
		{2A925D9B-F435-430E-90B3-98D0FA0BD8D8}.Debug|x86.Build.0 = Debug|Any CPU
		{2A925D9B-F435-430E-90B3-98D0FA0BD8D8}.Release|Any CPU.ActiveCfg = Release|Any CPU
		{2A925D9B-F435-430E-90B3-98D0FA0BD8D8}.Release|Any CPU.Build.0 = Release|Any CPU
		{2A925D9B-F435-430E-90B3-98D0FA0BD8D8}.Release|x64.ActiveCfg = Release|Any CPU
		{2A925D9B-F435-430E-90B3-98D0FA0BD8D8}.Release|x64.Build.0 = Release|Any CPU
		{2A925D9B-F435-430E-90B3-98D0FA0BD8D8}.Release|x86.ActiveCfg = Release|Any CPU
		{2A925D9B-F435-430E-90B3-98D0FA0BD8D8}.Release|x86.Build.0 = Release|Any CPU
		{28EE2973-2DF1-4302-B66C-28CA7439BCED}.Debug|Any CPU.ActiveCfg = Debug|Any CPU
		{28EE2973-2DF1-4302-B66C-28CA7439BCED}.Debug|Any CPU.Build.0 = Debug|Any CPU
		{28EE2973-2DF1-4302-B66C-28CA7439BCED}.Debug|x64.ActiveCfg = Debug|Any CPU
		{28EE2973-2DF1-4302-B66C-28CA7439BCED}.Debug|x64.Build.0 = Debug|Any CPU
		{28EE2973-2DF1-4302-B66C-28CA7439BCED}.Debug|x86.ActiveCfg = Debug|Any CPU
		{28EE2973-2DF1-4302-B66C-28CA7439BCED}.Debug|x86.Build.0 = Debug|Any CPU
		{28EE2973-2DF1-4302-B66C-28CA7439BCED}.Release|Any CPU.ActiveCfg = Release|Any CPU
		{28EE2973-2DF1-4302-B66C-28CA7439BCED}.Release|Any CPU.Build.0 = Release|Any CPU
		{28EE2973-2DF1-4302-B66C-28CA7439BCED}.Release|x64.ActiveCfg = Release|Any CPU
		{28EE2973-2DF1-4302-B66C-28CA7439BCED}.Release|x64.Build.0 = Release|Any CPU
		{28EE2973-2DF1-4302-B66C-28CA7439BCED}.Release|x86.ActiveCfg = Release|Any CPU
		{28EE2973-2DF1-4302-B66C-28CA7439BCED}.Release|x86.Build.0 = Release|Any CPU
	EndGlobalSection
	GlobalSection(SolutionProperties) = preSolution
		HideSolutionNode = FALSE
	EndGlobalSection
	GlobalSection(NestedProjects) = preSolution
		{3FBFEAC9-8B24-4B4B-BFEA-4F6844BF19B2} = {827E0CD3-B72D-47B6-A68D-7590B98EB39B}
		{97BC5FB6-C206-4806-9B16-035CC8AAF1C0} = {827E0CD3-B72D-47B6-A68D-7590B98EB39B}
		{A0AF3DF7-BFD4-4419-84E5-E81533B40E7A} = {827E0CD3-B72D-47B6-A68D-7590B98EB39B}
		{CF01CF11-72B9-49AF-BA92-0A38E5FBAF0A} = {827E0CD3-B72D-47B6-A68D-7590B98EB39B}
		{A354CB3F-615C-400F-9DBB-0B46CF0B2457} = {827E0CD3-B72D-47B6-A68D-7590B98EB39B}
		{C9C34F9F-D961-4DF6-8E42-DE176CD735C0} = {827E0CD3-B72D-47B6-A68D-7590B98EB39B}
		{BFBFBBE9-D57A-4E26-96C0-9C1B48409669} = {827E0CD3-B72D-47B6-A68D-7590B98EB39B}
		{28BA8542-25E9-4D71-96B5-B747AED8C352} = {827E0CD3-B72D-47B6-A68D-7590B98EB39B}
		{53410CC8-EF2E-402B-A006-7066E9900C83} = {827E0CD3-B72D-47B6-A68D-7590B98EB39B}
		{7EFE459E-9323-490F-A5F1-5F1A72506515} = {827E0CD3-B72D-47B6-A68D-7590B98EB39B}
		{A30B6240-015D-415C-8540-D05731F3DF1B} = {827E0CD3-B72D-47B6-A68D-7590B98EB39B}
		{F394261F-1337-41B4-BB57-408471BF37CC} = {827E0CD3-B72D-47B6-A68D-7590B98EB39B}
		{44F626AF-FA53-42FD-8E96-722872321DAF} = {827E0CD3-B72D-47B6-A68D-7590B98EB39B}
		{B492BBDF-61BB-4D3C-BC55-E2515F26713C} = {827E0CD3-B72D-47B6-A68D-7590B98EB39B}
		{59FAA4C2-0787-4067-9946-61D22202DCCD} = {827E0CD3-B72D-47B6-A68D-7590B98EB39B}
		{39EABD0C-0CFB-43F1-8932-58476491C34C} = {827E0CD3-B72D-47B6-A68D-7590B98EB39B}
		{786CC366-8CB4-4C81-8D00-A3195F84E868} = {827E0CD3-B72D-47B6-A68D-7590B98EB39B}
		{AD167C6C-A23E-4BAD-9767-0BC328BCA495} = {0AB3BF05-4346-4AA6-1389-037BE0695223}
		{E03A87D0-1B09-497E-801F-128DFD60E4E8} = {0AB3BF05-4346-4AA6-1389-037BE0695223}
		{8180B6C8-84AE-4F9F-AA9E-09F1E0C952D1} = {0AB3BF05-4346-4AA6-1389-037BE0695223}
		{6C086E8E-E53A-4905-99A6-6E4C5D7B77D9} = {0AB3BF05-4346-4AA6-1389-037BE0695223}
		{2A925D9B-F435-430E-90B3-98D0FA0BD8D8} = {0AB3BF05-4346-4AA6-1389-037BE0695223}
		{28EE2973-2DF1-4302-B66C-28CA7439BCED} = {07C2787E-EAC7-C090-1BA3-A61EC2A24D84}
	EndGlobalSection
EndGlobal
